
Microsoft Visual Studio Solution File, Format Version 12.00
# Visual Studio Version 17
VisualStudioVersion = 17.5.33516.290
MinimumVisualStudioVersion = 10.0.40219.1
Project("{FAE04EC0-301F-11D3-BF4B-00C04F79EFBC}") = "FormBancoDotNet", "FormBancoDotNet.csproj", "{A43A5E75-EB0D-4C7E-8A9D-6F3AD445B73C}"
EndProject
Global
	GlobalSection(SolutionConfigurationPlatforms) = preSolution
		Debug|Any CPU = Debug|Any CPU
		Release|Any CPU = Release|Any CPU
	EndGlobalSection
	GlobalSection(ProjectConfigurationPlatforms) = postSolution
		{A43A5E75-EB0D-4C7E-8A9D-6F3AD445B73C}.Debug|Any CPU.ActiveCfg = Debug|Any CPU
		{A43A5E75-EB0D-4C7E-8A9D-6F3AD445B73C}.Debug|Any CPU.Build.0 = Debug|Any CPU
		{A43A5E75-EB0D-4C7E-8A9D-6F3AD445B73C}.Release|Any CPU.ActiveCfg = Release|Any CPU
		{A43A5E75-EB0D-4C7E-8A9D-6F3AD445B73C}.Release|Any CPU.Build.0 = Release|Any CPU
	EndGlobalSection
	GlobalSection(SolutionProperties) = preSolution
		HideSolutionNode = FALSE
	EndGlobalSection
	GlobalSection(ExtensibilityGlobals) = postSolution
		SolutionGuid = {0A2E36E3-C93D-4FB5-B1C1-DAAEF87E0EFE}
	EndGlobalSection
EndGlobal
